{
  "name": "cfb-colley",
  "version": "1.0.0",
  "lockfileVersion": 2,
  "requires": true,
  "packages": {
    "": {
      "name": "cfb-colley",
      "version": "1.0.0",
      "license": "MIT",
      "dependencies": {
        "m4th": "^0.1.0"
      },
      "devDependencies": {}
    },
    "node_modules/m4th": {
      "version": "0.1.0",
      "resolved": "https://registry.npmjs.org/m4th/-/m4th-0.1.0.tgz",
      "integrity": "sha512-TYVT14iONeYtZ7v5qhoDB95EeZpoRYDsMp47hzd3TUk2qUNtwLOsx29sj5FyTs7iSUZNuBp6RSENuEBl47prRQ==",
      "dependencies": {
        "ut1l": "0.2.0"
      }
    },
    "node_modules/ut1l": {
      "version": "0.2.0",
      "resolved": "https://registry.npmjs.org/ut1l/-/ut1l-0.2.0.tgz",
      "integrity": "sha1-sRbpCsedzXUvjwujFUOE+jFIWPk="
    }
  },
  "dependencies": {
    "m4th": {
      "version": "0.1.0",
      "resolved": "https://registry.npmjs.org/m4th/-/m4th-0.1.0.tgz",
      "integrity": "sha512-TYVT14iONeYtZ7v5qhoDB95EeZpoRYDsMp47hzd3TUk2qUNtwLOsx29sj5FyTs7iSUZNuBp6RSENuEBl47prRQ==",
      "requires": {
        "ut1l": "0.2.0"
      }
    },
    "ut1l": {
      "version": "0.2.0",
      "resolved": "https://registry.npmjs.org/ut1l/-/ut1l-0.2.0.tgz",
      "integrity": "sha1-sRbpCsedzXUvjwujFUOE+jFIWPk="
    }
  }
}
